
Microsoft Visual Studio Solution File, Format Version 12.00
# Visual Studio Version 16
VisualStudioVersion = 16.0.33927.289
MinimumVisualStudioVersion = 10.0.40219.1
Project("{FAE04EC0-301F-11D3-BF4B-00C04F79EFBC}") = "Admin", "Admin\Admin.csproj", "{294B7C08-761A-485A-8A8E-8B166DD6968E}"
EndProject
Project("{FAE04EC0-301F-11D3-BF4B-00C04F79EFBC}") = "Student", "Student\Student.csproj", "{64A902AB-585E-48CF-88F4-3CBF3F96A036}"
EndProject
Global
	GlobalSection(SolutionConfigurationPlatforms) = preSolution
		Debug|Any CPU = Debug|Any CPU
		Release|Any CPU = Release|Any CPU
	EndGlobalSection
	GlobalSection(ProjectConfigurationPlatforms) = postSolution
		{294B7C08-761A-485A-8A8E-8B166DD6968E}.Debug|Any CPU.ActiveCfg = Debug|Any CPU
		{294B7C08-761A-485A-8A8E-8B166DD6968E}.Debug|Any CPU.Build.0 = Debug|Any CPU
		{294B7C08-761A-485A-8A8E-8B166DD6968E}.Release|Any CPU.ActiveCfg = Release|Any CPU
		{294B7C08-761A-485A-8A8E-8B166DD6968E}.Release|Any CPU.Build.0 = Release|Any CPU
		{64A902AB-585E-48CF-88F4-3CBF3F96A036}.Debug|Any CPU.ActiveCfg = Debug|Any CPU
		{64A902AB-585E-48CF-88F4-3CBF3F96A036}.Debug|Any CPU.Build.0 = Debug|Any CPU
		{64A902AB-585E-48CF-88F4-3CBF3F96A036}.Release|Any CPU.ActiveCfg = Release|Any CPU
		{64A902AB-585E-48CF-88F4-3CBF3F96A036}.Release|Any CPU.Build.0 = Release|Any CPU
	EndGlobalSection
	GlobalSection(SolutionProperties) = preSolution
		HideSolutionNode = FALSE
	EndGlobalSection
	GlobalSection(ExtensibilityGlobals) = postSolution
		SolutionGuid = {D5F3E1D1-9AD4-433B-9AD3-4F80A24DF900}
	EndGlobalSection
EndGlobal
